schema: '2.0'
stages:
  validate_data:
    cmd: poetry run python -m retail_recommender.pipelines.validate_data
    deps:
    - path: configs/data.yaml
      hash: md5
      md5: 24017f66a4a766b4b2c2fc8cc99844af
      size: 734
    - path: data/raw/events.csv
      hash: md5
      md5: fddaf7c1c6a9df23a726500a08ffdd7e
      size: 94237913
    - path: src/retail_recommender/data/loaders/retailrocket_loader.py
      hash: md5
      md5: a9aea2e9a13184a223fe67d5b43bb054
      size: 974
    - path: src/retail_recommender/data/validators/events_validator.py
      hash: md5
      md5: 25e6255bf3d78e287433a19d3ad93381
      size: 7148
    - path: src/retail_recommender/pipelines/validate_data.py
      hash: md5
      md5: a9ce141af49e72d6228178d1b92deed9
      size: 3703
    params:
      params.yaml:
        data.minimum_interactions: 10000
        data.minimum_items: 100
        data.minimum_users: 100
    outs:
    - path: artifacts/reports/data_validation.json
      hash: md5
      md5: 9aa1b2c22fbbf8b0b40408b40c9714ee
      size: 498
  preprocess:
    cmd: poetry run python -m retail_recommender.pipelines.preprocess
    deps:
    - path: artifacts/reports/data_validation.json
      hash: md5
      md5: 9aa1b2c22fbbf8b0b40408b40c9714ee
      size: 498
    - path: configs/data.yaml
      hash: md5
      md5: 24017f66a4a766b4b2c2fc8cc99844af
      size: 734
    - path: data/raw/events.csv
      hash: md5
      md5: fddaf7c1c6a9df23a726500a08ffdd7e
      size: 94237913
    - path: src/retail_recommender/data/loaders/retailrocket_loader.py
      hash: md5
      md5: a9aea2e9a13184a223fe67d5b43bb054
      size: 974
    - path: src/retail_recommender/data/preprocessors/base.py
      hash: md5
      md5: 4852fb221830382171d810800f7b5083
      size: 534
    - path: src/retail_recommender/data/preprocessors/factory.py
      hash: md5
      md5: 7e6a1f95e8025f74b733c9705bf72c50
      size: 1470
    - path: src/retail_recommender/data/preprocessors/implicit_feedback.py
      hash: md5
      md5: 8cbed1c8b32e61f1083f841824c8df73
      size: 5223
    - path: src/retail_recommender/pipelines/preprocess.py
      hash: md5
      md5: f04187fbf24891c59fd4d9c0ab579b9f
      size: 5931
    params:
      params.yaml:
        preprocessing.allowed_event_types:
        - view
        - addtocart
        - transaction
        preprocessing.event_weights:
          view: 1.0
          addtocart: 3.0
          transaction: 5.0
        preprocessing.strategy: implicit_feedback
    outs:
    - path: data/interim/events_clean.parquet
      hash: md5
      md5: 5ae99d1ea175c0965b4f7fcc2783468b
      size: 49997151
  feature_engineering:
    cmd: poetry run python -m retail_recommender.pipelines.feature_engineering
    deps:
    - path: configs/data.yaml
      hash: md5
      md5: 24017f66a4a766b4b2c2fc8cc99844af
      size: 734
    - path: data/interim/events_clean.parquet
      hash: md5
      md5: 5ae99d1ea175c0965b4f7fcc2783468b
      size: 49997151
    - path: src/retail_recommender/features/id_encoder.py
      hash: md5
      md5: 11c167183df4f0c90e0fb6242753fd1f
      size: 7234
    - path: src/retail_recommender/features/interaction_builder.py
      hash: md5
      md5: 4c26491c5f4d514fa7f9f3052deac5b7
      size: 4901
    - path: src/retail_recommender/features/negative_sampling.py
      hash: md5
      md5: 5a67f20d73a766cc43ea594dcff540a2
      size: 8147
    - path: src/retail_recommender/features/temporal_split.py
      hash: md5
      md5: 49bddee749647a7de39726b93d1ea575
      size: 5509
    - path: src/retail_recommender/pipelines/feature_engineering.py
      hash: md5
      md5: 865fc76e35ea217c4b1be9cccdf9613c
      size: 12322
    params:
      params.yaml:
        interaction_filtering.minimum_item_interactions: 2
        interaction_filtering.minimum_user_interactions: 2
        split.filter_unknown_entities: true
        split.strategy: temporal
        split.test_size: 0.15
        split.train_size: 0.7
        split.validation_size: 0.15
        training.negative_samples_per_positive: 4
        training.random_seed: 1729
    outs:
    - path: artifacts/encoders/item_encoder.pkl
      hash: md5
      md5: a3aa47a8dcd2c1a496b31fc2c6baf2f4
      size: 1301810
    - path: artifacts/encoders/user_encoder.pkl
      hash: md5
      md5: 221dbcc985166940b57ac1cecb4c8518
      size: 3503798
    - path: artifacts/reports/feature_engineering_report.json
      hash: md5
      md5: 351bd67be23ffa362f4af800f9ff56ec
      size: 743
    - path: data/processed/test.parquet
      hash: md5
      md5: 31fc99a01bc6219954502e189b68602f
      size: 569785
    - path: data/processed/train.parquet
      hash: md5
      md5: 1070ae7a973e58378ea08359faed4329
      size: 23270721
    - path: data/processed/validation.parquet
      hash: md5
      md5: 64a3d884b7944965d749211c804b4d33
      size: 812243
