schema: '2.0'
stages:
  validate_data:
    cmd: poetry run python -m retail_recommender.pipelines.validate_data
    deps:
    - path: configs/data.yaml
      hash: md5
      md5: 2ef0f49eb8fd9ab4c96bdbd808afee48
      size: 794
    - path: data/raw/events.csv
      hash: md5
      md5: fddaf7c1c6a9df23a726500a08ffdd7e
      size: 94237913
    - path: src/retail_recommender/data/loaders/retailrocket_loader.py
      hash: md5
      md5: a9aea2e9a13184a223fe67d5b43bb054
      size: 974
    - path: src/retail_recommender/data/validators/events_validator.py
      hash: md5
      md5: 25e6255bf3d78e287433a19d3ad93381
      size: 7148
    - path: src/retail_recommender/pipelines/validate_data.py
      hash: md5
      md5: a9ce141af49e72d6228178d1b92deed9
      size: 3703
    params:
      params.yaml:
        data.minimum_interactions: 10000
        data.minimum_items: 100
        data.minimum_users: 100
    outs:
    - path: artifacts/reports/data_validation.json
      hash: md5
      md5: 9aa1b2c22fbbf8b0b40408b40c9714ee
      size: 498
  preprocess:
    cmd: poetry run python -m retail_recommender.pipelines.preprocess
    deps:
    - path: artifacts/reports/data_validation.json
      hash: md5
      md5: 9aa1b2c22fbbf8b0b40408b40c9714ee
      size: 498
    - path: configs/data.yaml
      hash: md5
      md5: 2ef0f49eb8fd9ab4c96bdbd808afee48
      size: 794
    - path: data/raw/events.csv
      hash: md5
      md5: fddaf7c1c6a9df23a726500a08ffdd7e
      size: 94237913
    - path: src/retail_recommender/data/loaders/retailrocket_loader.py
      hash: md5
      md5: a9aea2e9a13184a223fe67d5b43bb054
      size: 974
    - path: src/retail_recommender/data/preprocessors/base.py
      hash: md5
      md5: 4852fb221830382171d810800f7b5083
      size: 534
    - path: src/retail_recommender/data/preprocessors/factory.py
      hash: md5
      md5: 7e6a1f95e8025f74b733c9705bf72c50
      size: 1470
    - path: src/retail_recommender/data/preprocessors/implicit_feedback.py
      hash: md5
      md5: 8cbed1c8b32e61f1083f841824c8df73
      size: 5223
    - path: src/retail_recommender/pipelines/preprocess.py
      hash: md5
      md5: f04187fbf24891c59fd4d9c0ab579b9f
      size: 5931
    params:
      params.yaml:
        preprocessing.allowed_event_types:
        - view
        - addtocart
        - transaction
        preprocessing.event_weights:
          view: 1.0
          addtocart: 3.0
          transaction: 5.0
        preprocessing.strategy: implicit_feedback
    outs:
    - path: data/interim/events_clean.parquet
      hash: md5
      md5: 5c8634de390ed8718716ae8a4b424abb
      size: 55174047
  feature_engineering:
    cmd: poetry run python -m retail_recommender.pipelines.feature_engineering
    deps:
    - path: configs/data.yaml
      hash: md5
      md5: 2ef0f49eb8fd9ab4c96bdbd808afee48
      size: 794
    - path: data/interim/events_clean.parquet
      hash: md5
      md5: 5c8634de390ed8718716ae8a4b424abb
      size: 55174047
    - path: src/retail_recommender/features/id_encoder.py
      hash: md5
      md5: 11c167183df4f0c90e0fb6242753fd1f
      size: 7234
    - path: src/retail_recommender/features/interaction_builder.py
      hash: md5
      md5: 4c26491c5f4d514fa7f9f3052deac5b7
      size: 4901
    - path: src/retail_recommender/features/negative_sampling.py
      hash: md5
      md5: 5a67f20d73a766cc43ea594dcff540a2
      size: 8147
    - path: src/retail_recommender/features/temporal_split.py
      hash: md5
      md5: 49bddee749647a7de39726b93d1ea575
      size: 5509
    - path: src/retail_recommender/pipelines/feature_engineering.py
      hash: md5
      md5: 6a72c75a9e6342e5f56bcb3b9a184dce
      size: 12537
    params:
      params.yaml:
        interaction_filtering.minimum_item_interactions: 2
        interaction_filtering.minimum_user_interactions: 2
        split.filter_unknown_entities: true
        split.strategy: temporal
        split.test_size: 0.15
        split.train_size: 0.7
        split.validation_size: 0.15
        training.negative_samples_per_positive: 4
        training.random_seed: 1729
    outs:
    - path: artifacts/encoders/item_encoder.pkl
      hash: md5
      md5: a3aa47a8dcd2c1a496b31fc2c6baf2f4
      size: 1301810
    - path: artifacts/encoders/user_encoder.pkl
      hash: md5
      md5: 221dbcc985166940b57ac1cecb4c8518
      size: 3503798
    - path: artifacts/reports/feature_engineering_report.json
      hash: md5
      md5: 351bd67be23ffa362f4af800f9ff56ec
      size: 743
    - path: data/processed/test.parquet
      hash: md5
      md5: 516a10f41bb2f7cfcb246343056d869e
      size: 612551
    - path: data/processed/train.parquet
      hash: md5
      md5: 58529c5de2df62f759773382329105e9
      size: 23270721
    - path: data/processed/train_positive.parquet
      hash: md5
      md5: 9a2220e1c1d520a11861be81af04f205
      size: 13078872
    - path: data/processed/validation.parquet
      hash: md5
      md5: 70f7f4c63173cc6870429756a92e42a5
      size: 869878
  train:
    cmd: poetry run python -m retail_recommender.pipelines.train
    deps:
    - path: configs/data.yaml
      hash: md5
      md5: 2ef0f49eb8fd9ab4c96bdbd808afee48
      size: 794
    - path: configs/model.yaml
      hash: md5
      md5: 675f6db08bd0b143a66633412ea8d293
      size: 59
    - path: configs/training.yaml
      hash: md5
      md5: 57c73baffc600243ff45c13b7311ee89
      size: 72
    - path: data/processed/train.parquet
      hash: md5
      md5: 58529c5de2df62f759773382329105e9
      size: 23270721
    - path: data/processed/validation.parquet
      hash: md5
      md5: 70f7f4c63173cc6870429756a92e42a5
      size: 869878
    - path: src/retail_recommender/models/neural_cf.py
      hash: md5
      md5: 18aabd4d5e5e3cfcb3b1a28f251fff85
      size: 7308
    - path: src/retail_recommender/pipelines/train.py
      hash: md5
      md5: fa466282595c0ca34196f28ecb7be284
      size: 12720
    - path: src/retail_recommender/tracking/mlflow_tracker.py
      hash: md5
      md5: a576ff81e66015295e533ac5db9e045f
      size: 5911
    - path: src/retail_recommender/training/dataset.py
      hash: md5
      md5: cc04d17eb40785c5d1c478a748090759
      size: 5003
    - path: src/retail_recommender/training/early_stopping.py
      hash: md5
      md5: 9cb783b45d00837af71dc6ed57e34970
      size: 1940
    - path: src/retail_recommender/training/seed.py
      hash: md5
      md5: 6500d5a44aa5bcf2e1ae62b938582495
      size: 1092
    - path: src/retail_recommender/training/trainer.py
      hash: md5
      md5: 5c3231f25a4976e4bdc98cd0878d8bb3
      size: 8434
    params:
      params.yaml:
        model.dropout: 0.2
        model.embedding_dim: 32
        model.hidden_layers:
        - 64
        - 32
        model.name: neural_cf
        training.batch_size: 1024
        training.device: auto
        training.epochs: 30
        training.learning_rate: 0.001
        training.minimum_delta: 0.0
        training.patience: 5
        training.random_seed: 1729
        training.weight_decay: 0.0
    outs:
    - path: artifacts/models/best_model.pt
      hash: md5
      md5: 49d5af99a2a7645311d0fa3ba77d9518
      size: 34650935
    - path: artifacts/reports/train_metrics.json
      hash: md5
      md5: 3706925a4e30501110df57a03968eb62
      size: 1327
  evaluate:
    cmd: poetry run python -m retail_recommender.pipelines.evaluate
    deps:
    - path: artifacts/models/best_model.pt
      hash: md5
      md5: 49d5af99a2a7645311d0fa3ba77d9518
      size: 34650935
    - path: artifacts/reports/train_metrics.json
      hash: md5
      md5: 3706925a4e30501110df57a03968eb62
      size: 1327
    - path: configs/data.yaml
      hash: md5
      md5: 2ef0f49eb8fd9ab4c96bdbd808afee48
      size: 794
    - path: configs/evaluation.yaml
      hash: md5
      md5: e8e1bf4073c237317f317dc8bbe36aeb
      size: 63
    - path: configs/model.yaml
      hash: md5
      md5: 675f6db08bd0b143a66633412ea8d293
      size: 59
    - path: configs/training.yaml
      hash: md5
      md5: 57c73baffc600243ff45c13b7311ee89
      size: 72
    - path: data/processed/test.parquet
      hash: md5
      md5: 516a10f41bb2f7cfcb246343056d869e
      size: 612551
    - path: data/processed/train_positive.parquet
      hash: md5
      md5: 9a2220e1c1d520a11861be81af04f205
      size: 13078872
    - path: src/retail_recommender/evaluation/evaluator.py
      hash: md5
      md5: 0b4dfbb5eb6aaf4f62329461de9b9497
      size: 5641
    - path: src/retail_recommender/evaluation/neural_recommender.py
      hash: md5
      md5: 2102a59c58cbb78eb61c7c2dfee39929
      size: 3234
    - path: src/retail_recommender/evaluation/ranking_metrics.py
      hash: md5
      md5: a73a5e4e2ff5fdb7f3934638beefe00a
      size: 6596
    - path: src/retail_recommender/evaluation/reports.py
      hash: md5
      md5: b16691b1bcc47c6e3f58154a92e50671
      size: 2772
    - path: src/retail_recommender/models/item_knn.py
      hash: md5
      md5: 36292a4811ac1a83cc00a2ec32988d6e
      size: 13098
    - path: src/retail_recommender/models/neural_cf.py
      hash: md5
      md5: 18aabd4d5e5e3cfcb3b1a28f251fff85
      size: 7308
    - path: src/retail_recommender/models/popularity.py
      hash: md5
      md5: 94373566832d626fbed6fcd8165e96c3
      size: 6197
    - path: src/retail_recommender/pipelines/evaluate.py
      hash: md5
      md5: 00148e1b1202160f6c5ac203e2d2de02
      size: 15988
    - path: src/retail_recommender/tracking/mlflow_tracker.py
      hash: md5
      md5: a576ff81e66015295e533ac5db9e045f
      size: 5911
    - path: src/retail_recommender/training/seed.py
      hash: md5
      md5: 6500d5a44aa5bcf2e1ae62b938582495
      size: 1092
    params:
      params.yaml:
        evaluation.candidate_batch_size: 4096
        evaluation.exclude_seen_items: true
        evaluation.k: 10
        evaluation.maximum_users: 50
        item_knn.minimum_similarity: 0.0
        item_knn.n_neighbors: 50
        model.dropout: 0.2
        model.embedding_dim: 32
        model.hidden_layers:
        - 64
        - 32
        model.name: neural_cf
        training.random_seed: 1729
    outs:
    - path: artifacts/reports/evaluation
      hash: md5
      md5: 830e8a24fcaa656c59c86402fcc0faf6.dir
      size: 1090
      nfiles: 4
